{
  "nodes": {
    "anyrun": {
      "inputs": {
        "flake-parts": "flake-parts",
        "nixpkgs": [
          "nixpkgs"
        ]
      },
      "locked": {
        "lastModified": 1712136515,
        "narHash": "sha256-LpjQJYC24S5P5XhJsZX6HqsQT1pohcFzM6N42I6qo/U=",
        "owner": "Kirottu",
        "repo": "anyrun",
        "rev": "be6728884d543665e7bd137bbef62dc1d04a210b",
        "type": "github"
      },
      "original": {
        "owner": "Kirottu",
        "repo": "anyrun",
        "type": "github"
      }
    },
    "crane": {
      "inputs": {
        "nixpkgs": [
          "display-switch",
          "nixpkgs"
        ]
      },
      "locked": {
        "lastModified": 1711407199,
        "narHash": "sha256-A/nB4j3JHL51ztlMQdfKw6y8tUJJzai3bLsZUEEaBxY=",
        "owner": "ipetkov",
        "repo": "crane",
        "rev": "7e468a455506f2e65550e08dfd45092f0857a009",
        "type": "github"
      },
      "original": {
        "owner": "ipetkov",
        "repo": "crane",
        "type": "github"
      }
    },
    "crane_2": {
      "inputs": {
        "nixpkgs": [
          "helix",
          "nixpkgs"
        ]
      },
      "locked": {
        "lastModified": 1709610799,
        "narHash": "sha256-5jfLQx0U9hXbi2skYMGodDJkIgffrjIOgMRjZqms2QE=",
        "owner": "ipetkov",
        "repo": "crane",
        "rev": "81c393c776d5379c030607866afef6406ca1be57",
        "type": "github"
      },
      "original": {
        "owner": "ipetkov",
        "repo": "crane",
        "type": "github"
      }
    },
    "display-switch": {
      "inputs": {
        "crane": "crane",
        "flake-utils": "flake-utils",
        "nixpkgs": [
          "nixpkgs"
        ],
        "rust-overlay": "rust-overlay"
      },
      "locked": {
        "lastModified": 1711416491,
        "narHash": "sha256-iIGgg4BVN2QE/brQTQhLjhrzUfMWgsbDFSzYNU9IoQ0=",
        "owner": "paholg",
        "repo": "display-switch",
        "rev": "eda6b2f9b65ef85015a11ecc8448c5b705a2f4e0",
        "type": "github"
      },
      "original": {
        "owner": "paholg",
        "ref": "flake",
        "repo": "display-switch",
        "type": "github"
      }
    },
    "flake-parts": {
      "inputs": {
        "nixpkgs-lib": [
          "anyrun",
          "nixpkgs"
        ]
      },
      "locked": {
        "lastModified": 1696343447,
        "narHash": "sha256-B2xAZKLkkeRFG5XcHHSXXcP7To9Xzr59KXeZiRf4vdQ=",
        "owner": "hercules-ci",
        "repo": "flake-parts",
        "rev": "c9afaba3dfa4085dbd2ccb38dfade5141e33d9d4",
        "type": "github"
      },
      "original": {
        "owner": "hercules-ci",
        "repo": "flake-parts",
        "type": "github"
      }
    },
    "flake-programs-sqlite": {
      "inputs": {
        "nixpkgs": [
          "nixpkgs"
        ],
        "utils": "utils"
      },
      "locked": {
        "lastModified": 1712236542,
        "narHash": "sha256-q3+DxZE6CEq1EbbmazhE7a+XnlsppFqMUguEA8rUwPE=",
        "owner": "wamserma",
        "repo": "flake-programs-sqlite",
        "rev": "e060f42e8c597c19238c61dc504d2291ef6ee12b",
        "type": "github"
      },
      "original": {
        "owner": "wamserma",
        "repo": "flake-programs-sqlite",
        "type": "github"
      }
    },
    "flake-utils": {
      "inputs": {
        "systems": "systems"
      },
      "locked": {
        "lastModified": 1710146030,
        "narHash": "sha256-SZ5L6eA7HJ/nmkzGG7/ISclqe6oZdOZTNoesiInkXPQ=",
        "owner": "numtide",
        "repo": "flake-utils",
        "rev": "b1d9ab70662946ef0850d488da1c9019f3a9752a",
        "type": "github"
      },
      "original": {
        "owner": "numtide",
        "repo": "flake-utils",
        "type": "github"
      }
    },
    "flake-utils_2": {
      "inputs": {
        "systems": "systems_2"
      },
      "locked": {
        "lastModified": 1709126324,
        "narHash": "sha256-q6EQdSeUZOG26WelxqkmR7kArjgWCdw5sfJVHPH/7j8=",
        "owner": "numtide",
        "repo": "flake-utils",
        "rev": "d465f4819400de7c8d874d50b982301f28a84605",
        "type": "github"
      },
      "original": {
        "owner": "numtide",
        "repo": "flake-utils",
        "type": "github"
      }
    },
    "helix": {
      "inputs": {
        "crane": "crane_2",
        "flake-utils": "flake-utils_2",
        "nixpkgs": [
          "nixpkgs"
        ],
        "rust-overlay": "rust-overlay_2"
      },
      "locked": {
        "lastModified": 1711987618,
        "narHash": "sha256-uNm6kjpieze0WYAqE8jf1SvcKdlpDHWfODhULMKtdg0=",
        "owner": "paholg",
        "repo": "helix",
        "rev": "05635f422e8586252a1e932aeedb6cc6d7e65f1b",
        "type": "github"
      },
      "original": {
        "owner": "paholg",
        "ref": "file-picker-navigation",
        "repo": "helix",
        "type": "github"
      }
    },
    "home-manager": {
      "inputs": {
        "nixpkgs": [
          "nixpkgs"
        ]
      },
      "locked": {
        "lastModified": 1712266167,
        "narHash": "sha256-gr2CBgT8t+utDqzWSp2vSjX/c39Q0BNtrWE6/cDhhEE=",
        "owner": "nix-community",
        "repo": "home-manager",
        "rev": "0c73c1b8da28a24c4fe842ced3f2548d5828b550",
        "type": "github"
      },
      "original": {
        "owner": "nix-community",
        "repo": "home-manager",
        "type": "github"
      }
    },
    "naersk": {
      "inputs": {
        "nixpkgs": [
          "nixpkgs"
        ]
      },
      "locked": {
        "lastModified": 1698420672,
        "narHash": "sha256-/TdeHMPRjjdJub7p7+w55vyABrsJlt5QkznPYy55vKA=",
        "owner": "nix-community",
        "repo": "naersk",
        "rev": "aeb58d5e8faead8980a807c840232697982d47b9",
        "type": "github"
      },
      "original": {
        "owner": "nix-community",
        "repo": "naersk",
        "type": "github"
      }
    },
    "nixpkgs": {
      "locked": {
        "lastModified": 1712163089,
        "narHash": "sha256-Um+8kTIrC19vD4/lUCN9/cU9kcOsD1O1m+axJqQPyMM=",
        "owner": "nixos",
        "repo": "nixpkgs",
        "rev": "fd281bd6b7d3e32ddfa399853946f782553163b5",
        "type": "github"
      },
      "original": {
        "owner": "nixos",
        "ref": "nixos-unstable",
        "repo": "nixpkgs",
        "type": "github"
      }
    },
    "nur": {
      "locked": {
        "lastModified": 1712294162,
        "narHash": "sha256-3+IYbWQuFah2LZqHMqWPs+YGHE4/Doy+FnTcH+NoHJc=",
        "owner": "nix-community",
        "repo": "NUR",
        "rev": "6c82c6fc4af8e30b778c9a2f006e3fc4098b33f1",
        "type": "github"
      },
      "original": {
        "owner": "nix-community",
        "repo": "NUR",
        "type": "github"
      }
    },
    "ra-multiplex": {
      "inputs": {
        "naersk": [
          "naersk"
        ],
        "nixpkgs": [
          "nixpkgs"
        ],
        "utils": "utils_2"
      },
      "locked": {
        "lastModified": 1695846623,
        "narHash": "sha256-xNRhIYnrisCXDaKJVBH3UlEXiDHExID0AjA34jEd8nI=",
        "owner": "paholg",
        "repo": "ra-multiplex",
        "rev": "036aadc5e15c445e2ed7ff7a661b07bf48ff57ab",
        "type": "github"
      },
      "original": {
        "owner": "paholg",
        "ref": "temp",
        "repo": "ra-multiplex",
        "type": "github"
      }
    },
    "root": {
      "inputs": {
        "anyrun": "anyrun",
        "display-switch": "display-switch",
        "flake-programs-sqlite": "flake-programs-sqlite",
        "helix": "helix",
        "home-manager": "home-manager",
        "naersk": "naersk",
        "nixpkgs": "nixpkgs",
        "nur": "nur",
        "ra-multiplex": "ra-multiplex",
        "rustybar": "rustybar"
      }
    },
    "rust-overlay": {
      "inputs": {
        "flake-utils": [
          "display-switch",
          "flake-utils"
        ],
        "nixpkgs": [
          "display-switch",
          "nixpkgs"
        ]
      },
      "locked": {
        "lastModified": 1711332768,
        "narHash": "sha256-SFnlIwnrwJxEawLcrH7+zGb8spePcYyai5asMZnm0BM=",
        "owner": "oxalica",
        "repo": "rust-overlay",
        "rev": "8a8e3ea9a9a4b2225cb5e33e07c3a337f820168c",
        "type": "github"
      },
      "original": {
        "owner": "oxalica",
        "repo": "rust-overlay",
        "type": "github"
      }
    },
    "rust-overlay_2": {
      "inputs": {
        "flake-utils": [
          "helix",
          "flake-utils"
        ],
        "nixpkgs": [
          "helix",
          "nixpkgs"
        ]
      },
      "locked": {
        "lastModified": 1709604635,
        "narHash": "sha256-le4fwmWmjGRYWwkho0Gr7mnnZndOOe4XGbLw68OvF40=",
        "owner": "oxalica",
        "repo": "rust-overlay",
        "rev": "e86c0fb5d3a22a5f30d7f64ecad88643fe26449d",
        "type": "github"
      },
      "original": {
        "owner": "oxalica",
        "repo": "rust-overlay",
        "type": "github"
      }
    },
    "rustybar": {
      "inputs": {
        "naersk": [
          "naersk"
        ],
        "nixpkgs": [
          "nixpkgs"
        ],
        "utils": "utils_3"
      },
      "locked": {
        "lastModified": 1695810411,
        "narHash": "sha256-wes4h+BxgCTlqeVDng9zFrajpQ1GYEAoU0gM7Fl1Vr4=",
        "owner": "paholg",
        "repo": "rustybar",
        "rev": "5f20ed8969c24966fe3d488ebdde8c14c5b78077",
        "type": "github"
      },
      "original": {
        "owner": "paholg",
        "repo": "rustybar",
        "type": "github"
      }
    },
    "systems": {
      "locked": {
        "lastModified": 1681028828,
        "narHash": "sha256-Vy1rq5AaRuLzOxct8nz4T6wlgyUR7zLU309k9mBC768=",
        "owner": "nix-systems",
        "repo": "default",
        "rev": "da67096a3b9bf56a91d16901293e51ba5b49a27e",
        "type": "github"
      },
      "original": {
        "owner": "nix-systems",
        "repo": "default",
        "type": "github"
      }
    },
    "systems_2": {
      "locked": {
        "lastModified": 1681028828,
        "narHash": "sha256-Vy1rq5AaRuLzOxct8nz4T6wlgyUR7zLU309k9mBC768=",
        "owner": "nix-systems",
        "repo": "default",
        "rev": "da67096a3b9bf56a91d16901293e51ba5b49a27e",
        "type": "github"
      },
      "original": {
        "owner": "nix-systems",
        "repo": "default",
        "type": "github"
      }
    },
    "systems_3": {
      "locked": {
        "lastModified": 1681028828,
        "narHash": "sha256-Vy1rq5AaRuLzOxct8nz4T6wlgyUR7zLU309k9mBC768=",
        "owner": "nix-systems",
        "repo": "default",
        "rev": "da67096a3b9bf56a91d16901293e51ba5b49a27e",
        "type": "github"
      },
      "original": {
        "owner": "nix-systems",
        "repo": "default",
        "type": "github"
      }
    },
    "systems_4": {
      "locked": {
        "lastModified": 1681028828,
        "narHash": "sha256-Vy1rq5AaRuLzOxct8nz4T6wlgyUR7zLU309k9mBC768=",
        "owner": "nix-systems",
        "repo": "default",
        "rev": "da67096a3b9bf56a91d16901293e51ba5b49a27e",
        "type": "github"
      },
      "original": {
        "owner": "nix-systems",
        "repo": "default",
        "type": "github"
      }
    },
    "utils": {
      "locked": {
        "lastModified": 1678901627,
        "narHash": "sha256-U02riOqrKKzwjsxc/400XnElV+UtPUQWpANPlyazjH0=",
        "owner": "numtide",
        "repo": "flake-utils",
        "rev": "93a2b84fc4b70d9e089d029deacc3583435c2ed6",
        "type": "github"
      },
      "original": {
        "owner": "numtide",
        "repo": "flake-utils",
        "type": "github"
      }
    },
    "utils_2": {
      "inputs": {
        "systems": "systems_3"
      },
      "locked": {
        "lastModified": 1694529238,
        "narHash": "sha256-zsNZZGTGnMOf9YpHKJqMSsa0dXbfmxeoJ7xHlrt+xmY=",
        "owner": "numtide",
        "repo": "flake-utils",
        "rev": "ff7b65b44d01cf9ba6a71320833626af21126384",
        "type": "github"
      },
      "original": {
        "owner": "numtide",
        "repo": "flake-utils",
        "type": "github"
      }
    },
    "utils_3": {
      "inputs": {
        "systems": "systems_4"
      },
      "locked": {
        "lastModified": 1694529238,
        "narHash": "sha256-zsNZZGTGnMOf9YpHKJqMSsa0dXbfmxeoJ7xHlrt+xmY=",
        "owner": "numtide",
        "repo": "flake-utils",
        "rev": "ff7b65b44d01cf9ba6a71320833626af21126384",
        "type": "github"
      },
      "original": {
        "owner": "numtide",
        "repo": "flake-utils",
        "type": "github"
      }
    }
  },
  "root": "root",
  "version": 7
}
