{
  "nodes": {
    "agenix": {
      "inputs": {
        "darwin": "darwin",
        "home-manager": [
          "home-manager"
        ],
        "nixpkgs": [
          "nixpkgs"
        ],
        "systems": [
          "systems"
        ]
      },
      "locked": {
        "lastModified": 1723293904,
        "narHash": "sha256-b+uqzj+Wa6xgMS9aNbX4I+sXeb5biPDi39VgvSFqFvU=",
        "owner": "ryantm",
        "repo": "agenix",
        "rev": "f6291c5935fdc4e0bef208cfc0dcab7e3f7a1c41",
        "type": "github"
      },
      "original": {
        "owner": "ryantm",
        "repo": "agenix",
        "type": "github"
      }
    },
    "crane": {
      "locked": {
        "lastModified": 1733016477,
        "narHash": "sha256-Hh0khbqBeCtiNS0SJgqdWrQDem9WlPEc2KF5pAY+st0=",
        "owner": "ipetkov",
        "repo": "crane",
        "rev": "76d64e779e2fbaf172110038492343a8c4e29b55",
        "type": "github"
      },
      "original": {
        "owner": "ipetkov",
        "repo": "crane",
        "type": "github"
      }
    },
    "darwin": {
      "inputs": {
        "nixpkgs": [
          "agenix",
          "nixpkgs"
        ]
      },
      "locked": {
        "lastModified": 1700795494,
        "narHash": "sha256-gzGLZSiOhf155FW7262kdHo2YDeugp3VuIFb4/GGng0=",
        "owner": "lnl7",
        "repo": "nix-darwin",
        "rev": "4b9b83d5a92e8c1fbfd8eb27eda375908c11ec4d",
        "type": "github"
      },
      "original": {
        "owner": "lnl7",
        "ref": "master",
        "repo": "nix-darwin",
        "type": "github"
      }
    },
    "display-switch": {
      "inputs": {
        "crane": [
          "crane"
        ],
        "flake-utils": [
          "flake-utils"
        ],
        "nixpkgs": [
          "nixpkgs"
        ],
        "rust-overlay": [
          "rust-overlay"
        ]
      },
      "locked": {
        "lastModified": 1711416491,
        "narHash": "sha256-iIGgg4BVN2QE/brQTQhLjhrzUfMWgsbDFSzYNU9IoQ0=",
        "owner": "paholg",
        "repo": "display-switch",
        "rev": "eda6b2f9b65ef85015a11ecc8448c5b705a2f4e0",
        "type": "github"
      },
      "original": {
        "owner": "paholg",
        "ref": "flake",
        "repo": "display-switch",
        "type": "github"
      }
    },
    "flake-programs-sqlite": {
      "inputs": {
        "nixpkgs": [
          "nixpkgs"
        ],
        "utils": "utils"
      },
      "locked": {
        "lastModified": 1733148965,
        "narHash": "sha256-isYP0hW7zxdI38qjXG7AWVWf2px4GQQrZVlNEEFYgxA=",
        "owner": "wamserma",
        "repo": "flake-programs-sqlite",
        "rev": "7f2c575849c2e6dfbf2384bbc613b38dd9a9db97",
        "type": "github"
      },
      "original": {
        "owner": "wamserma",
        "repo": "flake-programs-sqlite",
        "type": "github"
      }
    },
    "flake-utils": {
      "inputs": {
        "systems": [
          "systems"
        ]
      },
      "locked": {
        "lastModified": 1731533236,
        "narHash": "sha256-l0KFg5HjrsfsO/JpG+r7fRrqm12kzFHyUHqHCVpMMbI=",
        "owner": "numtide",
        "repo": "flake-utils",
        "rev": "11707dc2f618dd54ca8739b309ec4fc024de578b",
        "type": "github"
      },
      "original": {
        "owner": "numtide",
        "repo": "flake-utils",
        "type": "github"
      }
    },
    "git-ignore-nix": {
      "inputs": {
        "nixpkgs": [
          "nixpkgs"
        ]
      },
      "locked": {
        "lastModified": 1709087332,
        "narHash": "sha256-HG2cCnktfHsKV0s4XW83gU3F57gaTljL9KNSuG6bnQs=",
        "owner": "hercules-ci",
        "repo": "gitignore.nix",
        "rev": "637db329424fd7e46cf4185293b9cc8c88c95394",
        "type": "github"
      },
      "original": {
        "owner": "hercules-ci",
        "repo": "gitignore.nix",
        "type": "github"
      }
    },
    "helix": {
      "inputs": {
        "crane": [
          "crane"
        ],
        "flake-utils": [
          "flake-utils"
        ],
        "nixpkgs": [
          "nixpkgs"
        ],
        "rust-overlay": [
          "rust-overlay"
        ]
      },
      "locked": {
        "lastModified": 1732694003,
        "narHash": "sha256-bDIO/Fkbu2hiz0HhWBKK/qp2dFyusATlfxnnF1Q9IZY=",
        "owner": "drybalka",
        "repo": "helix",
        "rev": "127a588e7f2d61fb787d52f3bc686f29d53b1245",
        "type": "github"
      },
      "original": {
        "owner": "drybalka",
        "ref": "add-file-browser",
        "repo": "helix",
        "type": "github"
      }
    },
    "home-manager": {
      "inputs": {
        "nixpkgs": [
          "nixpkgs"
        ]
      },
      "locked": {
        "lastModified": 1733133928,
        "narHash": "sha256-gU40r9AfpIr4eq+0noM8yH1Hxf+EA3dqfIpFtQl8Y1E=",
        "owner": "nix-community",
        "repo": "home-manager",
        "rev": "873e39d5f4437d2f3ab06881fea8e63e45e1d011",
        "type": "github"
      },
      "original": {
        "owner": "nix-community",
        "repo": "home-manager",
        "type": "github"
      }
    },
    "naersk": {
      "inputs": {
        "nixpkgs": [
          "nixpkgs"
        ]
      },
      "locked": {
        "lastModified": 1721727458,
        "narHash": "sha256-r/xppY958gmZ4oTfLiHN0ZGuQ+RSTijDblVgVLFi1mw=",
        "owner": "nix-community",
        "repo": "naersk",
        "rev": "3fb418eaf352498f6b6c30592e3beb63df42ef11",
        "type": "github"
      },
      "original": {
        "owner": "nix-community",
        "repo": "naersk",
        "type": "github"
      }
    },
    "nixpkgs": {
      "locked": {
        "lastModified": 1733015953,
        "narHash": "sha256-t4BBVpwG9B4hLgc6GUBuj3cjU7lP/PJfpTHuSqE+crk=",
        "owner": "nixos",
        "repo": "nixpkgs",
        "rev": "ac35b104800bff9028425fec3b6e8a41de2bbfff",
        "type": "github"
      },
      "original": {
        "owner": "nixos",
        "ref": "nixos-unstable",
        "repo": "nixpkgs",
        "type": "github"
      }
    },
    "root": {
      "inputs": {
        "agenix": "agenix",
        "crane": "crane",
        "display-switch": "display-switch",
        "flake-programs-sqlite": "flake-programs-sqlite",
        "flake-utils": "flake-utils",
        "git-ignore-nix": "git-ignore-nix",
        "helix": "helix",
        "home-manager": "home-manager",
        "naersk": "naersk",
        "nixpkgs": "nixpkgs",
        "rust-overlay": "rust-overlay",
        "rustybar": "rustybar",
        "systems": "systems"
      }
    },
    "rust-overlay": {
      "inputs": {
        "nixpkgs": [
          "nixpkgs"
        ]
      },
      "locked": {
        "lastModified": 1733106880,
        "narHash": "sha256-aJmAIjZfWfPSWSExwrYBLRgXVvgF5LP1vaeUGOOIQ98=",
        "owner": "oxalica",
        "repo": "rust-overlay",
        "rev": "e66c0d43abf5bdefb664c3583ca8994983c332ae",
        "type": "github"
      },
      "original": {
        "owner": "oxalica",
        "repo": "rust-overlay",
        "type": "github"
      }
    },
    "rustybar": {
      "inputs": {
        "naersk": [
          "naersk"
        ],
        "nixpkgs": [
          "nixpkgs"
        ],
        "utils": [
          "flake-utils"
        ]
      },
      "locked": {
        "lastModified": 1720317778,
        "narHash": "sha256-yAp4xrQtA7vlCmcBAxI2xVbeSKx4kDuuuE7awKyHqLM=",
        "owner": "paholg",
        "repo": "rustybar",
        "rev": "6ddb628dc0beffda78a84cf968ff036d795a58a0",
        "type": "github"
      },
      "original": {
        "owner": "paholg",
        "repo": "rustybar",
        "type": "github"
      }
    },
    "systems": {
      "locked": {
        "lastModified": 1681028828,
        "narHash": "sha256-Vy1rq5AaRuLzOxct8nz4T6wlgyUR7zLU309k9mBC768=",
        "owner": "nix-systems",
        "repo": "default",
        "rev": "da67096a3b9bf56a91d16901293e51ba5b49a27e",
        "type": "github"
      },
      "original": {
        "owner": "nix-systems",
        "repo": "default",
        "type": "github"
      }
    },
    "utils": {
      "locked": {
        "lastModified": 1678901627,
        "narHash": "sha256-U02riOqrKKzwjsxc/400XnElV+UtPUQWpANPlyazjH0=",
        "owner": "numtide",
        "repo": "flake-utils",
        "rev": "93a2b84fc4b70d9e089d029deacc3583435c2ed6",
        "type": "github"
      },
      "original": {
        "owner": "numtide",
        "repo": "flake-utils",
        "type": "github"
      }
    }
  },
  "root": "root",
  "version": 7
}
